
Microsoft Visual Studio Solution File, Format Version 12.00
# Visual Studio Version 17
VisualStudioVersion = 17.4.33213.308
MinimumVisualStudioVersion = 10.0.40219.1
Project("{FAE04EC0-301F-11D3-BF4B-00C04F79EFBC}") = "Keschas.Api", "Keschas.Api\Keschas.Api.csproj", "{BD2DD852-D356-4472-ADAD-0B80F6C44D3E}"
EndProject
Global
	GlobalSection(SolutionConfigurationPlatforms) = preSolution
		Debug|Any CPU = Debug|Any CPU
		Release|Any CPU = Release|Any CPU
	EndGlobalSection
	GlobalSection(ProjectConfigurationPlatforms) = postSolution
		{BD2DD852-D356-4472-ADAD-0B80F6C44D3E}.Debug|Any CPU.ActiveCfg = Debug|Any CPU
		{BD2DD852-D356-4472-ADAD-0B80F6C44D3E}.Debug|Any CPU.Build.0 = Debug|Any CPU
		{BD2DD852-D356-4472-ADAD-0B80F6C44D3E}.Release|Any CPU.ActiveCfg = Release|Any CPU
		{BD2DD852-D356-4472-ADAD-0B80F6C44D3E}.Release|Any CPU.Build.0 = Release|Any CPU
	EndGlobalSection
	GlobalSection(SolutionProperties) = preSolution
		HideSolutionNode = FALSE
	EndGlobalSection
	GlobalSection(ExtensibilityGlobals) = postSolution
		SolutionGuid = {37C17AF3-9BC8-4E65-9199-DA17B253A667}
	EndGlobalSection
EndGlobal
